
Microsoft Visual Studio Solution File, Format Version 12.00
# Visual Studio Version 17
VisualStudioVersion = 17.4.33213.308
MinimumVisualStudioVersion = 10.0.40219.1
Project("{FAE04EC0-301F-11D3-BF4B-00C04F79EFBC}") = "PanIQ HintDB", "PanIQ HintDB\PanIQ HintDB.csproj", "{6BF24A39-298D-4AF2-9D02-AD9680A001D2}"
EndProject
Global
	GlobalSection(SolutionConfigurationPlatforms) = preSolution
		Debug|Any CPU = Debug|Any CPU
		Release|Any CPU = Release|Any CPU
	EndGlobalSection
	GlobalSection(ProjectConfigurationPlatforms) = postSolution
		{6BF24A39-298D-4AF2-9D02-AD9680A001D2}.Debug|Any CPU.ActiveCfg = Debug|Any CPU
		{6BF24A39-298D-4AF2-9D02-AD9680A001D2}.Debug|Any CPU.Build.0 = Debug|Any CPU
		{6BF24A39-298D-4AF2-9D02-AD9680A001D2}.Release|Any CPU.ActiveCfg = Release|Any CPU
		{6BF24A39-298D-4AF2-9D02-AD9680A001D2}.Release|Any CPU.Build.0 = Release|Any CPU
	EndGlobalSection
	GlobalSection(SolutionProperties) = preSolution
		HideSolutionNode = FALSE
	EndGlobalSection
	GlobalSection(ExtensibilityGlobals) = postSolution
		SolutionGuid = {C400AC91-DA75-4C77-98DB-CFCE6E0B4132}
	EndGlobalSection
EndGlobal
